
Microsoft Visual Studio Solution File, Format Version 12.00
# Visual Studio Version 17
VisualStudioVersion = 17.4.33122.133
MinimumVisualStudioVersion = 10.0.40219.1
Project("{FAE04EC0-301F-11D3-BF4B-00C04F79EFBC}") = "Exercicio", "Exercicio\Exercicio.csproj", "{C4C71021-7542-4722-9BB0-14C59DA30307}"
EndProject
Global
	GlobalSection(SolutionConfigurationPlatforms) = preSolution
		Debug|Any CPU = Debug|Any CPU
		Release|Any CPU = Release|Any CPU
	EndGlobalSection
	GlobalSection(ProjectConfigurationPlatforms) = postSolution
		{C4C71021-7542-4722-9BB0-14C59DA30307}.Debug|Any CPU.ActiveCfg = Debug|Any CPU
		{C4C71021-7542-4722-9BB0-14C59DA30307}.Debug|Any CPU.Build.0 = Debug|Any CPU
		{C4C71021-7542-4722-9BB0-14C59DA30307}.Release|Any CPU.ActiveCfg = Release|Any CPU
		{C4C71021-7542-4722-9BB0-14C59DA30307}.Release|Any CPU.Build.0 = Release|Any CPU
	EndGlobalSection
	GlobalSection(SolutionProperties) = preSolution
		HideSolutionNode = FALSE
	EndGlobalSection
	GlobalSection(ExtensibilityGlobals) = postSolution
		SolutionGuid = {A7841C52-ED30-43F6-AD69-2D5B98B7F5EC}
	EndGlobalSection
EndGlobal
