
Microsoft Visual Studio Solution File, Format Version 12.00
# Visual Studio Version 17
VisualStudioVersion = 17.4.33122.133
MinimumVisualStudioVersion = 10.0.40219.1
Project("{FAE04EC0-301F-11D3-BF4B-00C04F79EFBC}") = "Path", "Path\Path.csproj", "{87A3C438-F219-481A-B5DF-9DFFC6D9C36D}"
EndProject
Global
	GlobalSection(SolutionConfigurationPlatforms) = preSolution
		Debug|Any CPU = Debug|Any CPU
		Release|Any CPU = Release|Any CPU
	EndGlobalSection
	GlobalSection(ProjectConfigurationPlatforms) = postSolution
		{87A3C438-F219-481A-B5DF-9DFFC6D9C36D}.Debug|Any CPU.ActiveCfg = Debug|Any CPU
		{87A3C438-F219-481A-B5DF-9DFFC6D9C36D}.Debug|Any CPU.Build.0 = Debug|Any CPU
		{87A3C438-F219-481A-B5DF-9DFFC6D9C36D}.Release|Any CPU.ActiveCfg = Release|Any CPU
		{87A3C438-F219-481A-B5DF-9DFFC6D9C36D}.Release|Any CPU.Build.0 = Release|Any CPU
	EndGlobalSection
	GlobalSection(SolutionProperties) = preSolution
		HideSolutionNode = FALSE
	EndGlobalSection
	GlobalSection(ExtensibilityGlobals) = postSolution
		SolutionGuid = {05C7F4B5-62F7-481B-A31C-B6AA29CF4A67}
	EndGlobalSection
EndGlobal
